
Microsoft Visual Studio Solution File, Format Version 12.00
# Visual Studio Version 17
VisualStudioVersion = 17.6.33712.159
MinimumVisualStudioVersion = 10.0.40219.1
Project("{FAE04EC0-301F-11D3-BF4B-00C04F79EFBC}") = "Anket", "Anket\Anket.csproj", "{1451E694-8B27-4757-9217-DFA8FB2EBEDF}"
EndProject
Global
	GlobalSection(SolutionConfigurationPlatforms) = preSolution
		Debug|Any CPU = Debug|Any CPU
		Release|Any CPU = Release|Any CPU
	EndGlobalSection
	GlobalSection(ProjectConfigurationPlatforms) = postSolution
		{1451E694-8B27-4757-9217-DFA8FB2EBEDF}.Debug|Any CPU.ActiveCfg = Debug|Any CPU
		{1451E694-8B27-4757-9217-DFA8FB2EBEDF}.Debug|Any CPU.Build.0 = Debug|Any CPU
		{1451E694-8B27-4757-9217-DFA8FB2EBEDF}.Release|Any CPU.ActiveCfg = Release|Any CPU
		{1451E694-8B27-4757-9217-DFA8FB2EBEDF}.Release|Any CPU.Build.0 = Release|Any CPU
	EndGlobalSection
	GlobalSection(SolutionProperties) = preSolution
		HideSolutionNode = FALSE
	EndGlobalSection
	GlobalSection(ExtensibilityGlobals) = postSolution
		SolutionGuid = {7700EC94-895F-4472-99DC-EEE971E1F9D1}
	EndGlobalSection
EndGlobal
